// !$*UTF8*$!
{
	archiveVersion = 1;
	classes = {
	};
	objectVersion = 46;
	objects = {

/* Begin PBXBuildFile section */
		461C1F751E5D63D700BB6446 /* AppDelegate.swift in Sources */ = {isa = PBXBuildFile; fileRef = 461C1F741E5D63D700BB6446 /* AppDelegate.swift */; };
		461C1F771E5D63D700BB6446 /* ViewController.swift in Sources */ = {isa = PBXBuildFile; fileRef = 461C1F761E5D63D700BB6446 /* ViewController.swift */; };
		461C1F7A1E5D63D700BB6446 /* Main.storyboard in Resources */ = {isa = PBXBuildFile; fileRef = 461C1F781E5D63D700BB6446 /* Main.storyboard */; };
		461C1F7C1E5D63D700BB6446 /* Assets.xcassets in Resources */ = {isa = PBXBuildFile; fileRef = 461C1F7B1E5D63D700BB6446 /* Assets.xcassets */; };
		461C1F7F1E5D63D700BB6446 /* LaunchScreen.storyboard in Resources */ = {isa = PBXBuildFile; fileRef = 461C1F7D1E5D63D700BB6446 /* LaunchScreen.storyboard */; };
		461C20AE1E5ECC1E00BB6446 /* CABaseController.swift in Sources */ = {isa = PBXBuildFile; fileRef = 461C20AD1E5ECC1E00BB6446 /* CABaseController.swift */; };
		461C20B01E5EDB9F00BB6446 /* ListModel.swift in Sources */ = {isa = PBXBuildFile; fileRef = 461C20AF1E5EDB9F00BB6446 /* ListModel.swift */; };
		461C20B61E5EF49000BB6446 /* BaseViewController.swift in Sources */ = {isa = PBXBuildFile; fileRef = 461C20B51E5EF49000BB6446 /* BaseViewController.swift */; };
		461C20BB1E5EFD1C00BB6446 /* CAKeyFrameController.swift in Sources */ = {isa = PBXBuildFile; fileRef = 461C20BA1E5EFD1C00BB6446 /* CAKeyFrameController.swift */; };
		462B1FCC1E61D9A6004074CC /* KeyFrame.swift in Sources */ = {isa = PBXBuildFile; fileRef = 462B1FCB1E61D9A6004074CC /* KeyFrame.swift */; };
		468EF85A1E604FFC009DBB2A /* AnimatCircleController.swift in Sources */ = {isa = PBXBuildFile; fileRef = 468EF8581E604FFC009DBB2A /* AnimatCircleController.swift */; };
		468EF85B1E604FFC009DBB2A /* CircleView.swift in Sources */ = {isa = PBXBuildFile; fileRef = 468EF8591E604FFC009DBB2A /* CircleView.swift */; };
/* End PBXBuildFile section */

/* Begin PBXFileReference section */
		461C1F711E5D63D700BB6446 /* AnimationMaster.app */ = {isa = PBXFileReference; explicitFileType = wrapper.application; includeInIndex = 0; path = AnimationMaster.app; sourceTree = BUILT_PRODUCTS_DIR; };
		461C1F741E5D63D700BB6446 /* AppDelegate.swift */ = {isa = PBXFileReference; lastKnownFileType = sourcecode.swift; name = AppDelegate.swift; path = AnimationMaster/AppDelegate.swift; sourceTree = "<group>"; };
		461C1F761E5D63D700BB6446 /* ViewController.swift */ = {isa = PBXFileReference; lastKnownFileType = sourcecode.swift; name = ViewController.swift; path = AnimationMaster/ViewController.swift; sourceTree = "<group>"; };
		461C1F791E5D63D700BB6446 /* Base */ = {isa = PBXFileReference; lastKnownFileType = file.storyboard; name = Base; path = Base.lproj/Main.storyboard; sourceTree = "<group>"; };
		461C1F7B1E5D63D700BB6446 /* Assets.xcassets */ = {isa = PBXFileReference; lastKnownFileType = folder.assetcatalog; path = Assets.xcassets; sourceTree = "<group>"; };
		461C1F7E1E5D63D700BB6446 /* Base */ = {isa = PBXFileReference; lastKnownFileType = file.storyboard; name = Base; path = Base.lproj/LaunchScreen.storyboard; sourceTree = "<group>"; };
		461C1F801E5D63D700BB6446 /* Info.plist */ = {isa = PBXFileReference; lastKnownFileType = text.plist.xml; path = Info.plist; sourceTree = "<group>"; };
		461C20AD1E5ECC1E00BB6446 /* CABaseController.swift */ = {isa = PBXFileReference; fileEncoding = 4; lastKnownFileType = sourcecode.swift; path = CABaseController.swift; sourceTree = "<group>"; };
		461C20AF1E5EDB9F00BB6446 /* ListModel.swift */ = {isa = PBXFileReference; fileEncoding = 4; lastKnownFileType = sourcecode.swift; name = ListModel.swift; path = AnimationMaster/ListModel.swift; sourceTree = "<group>"; };
		461C20B51E5EF49000BB6446 /* BaseViewController.swift */ = {isa = PBXFileReference; fileEncoding = 4; lastKnownFileType = sourcecode.swift; path = BaseViewController.swift; sourceTree = "<group>"; };
		461C20BA1E5EFD1C00BB6446 /* CAKeyFrameController.swift */ = {isa = PBXFileReference; fileEncoding = 4; lastKnownFileType = sourcecode.swift; path = CAKeyFrameController.swift; sourceTree = "<group>"; };
		462B1FCB1E61D9A6004074CC /* KeyFrame.swift */ = {isa = PBXFileReference; fileEncoding = 4; lastKnownFileType = sourcecode.swift; path = KeyFrame.swift; sourceTree = "<group>"; };
		468EF8581E604FFC009DBB2A /* AnimatCircleController.swift */ = {isa = PBXFileReference; fileEncoding = 4; lastKnownFileType = sourcecode.swift; path = AnimatCircleController.swift; sourceTree = "<group>"; };
		468EF8591E604FFC009DBB2A /* CircleView.swift */ = {isa = PBXFileReference; fileEncoding = 4; lastKnownFileType = sourcecode.swift; path = CircleView.swift; sourceTree = "<group>"; };
/* End PBXFileReference section */

/* Begin PBXFrameworksBuildPhase section */
		461C1F6E1E5D63D700BB6446 /* Frameworks */ = {
			isa = PBXFrameworksBuildPhase;
			buildActionMask = 2147483647;
			files = (
			);
			runOnlyForDeploymentPostprocessing = 0;
		};
/* End PBXFrameworksBuildPhase section */

/* Begin PBXGroup section */
		461C1F681E5D63D700BB6446 = {
			isa = PBXGroup;
			children = (
				468EF8571E604FEC009DBB2A /* CircleViewAnimation */,
				461C20B71E5EFC9E00BB6446 /* CAKeyFrameAnimation */,
				461C20B41E5EF47F00BB6446 /* BaseViewController */,
				461C20B21E5EE34300BB6446 /* RootListView */,
				461C20B11E5EE32F00BB6446 /* AppDelegate */,
				461C20AC1E5ECC0400BB6446 /* CABaseAnimation */,
				461C1F731E5D63D700BB6446 /* AnimationMaster */,
				461C1F721E5D63D700BB6446 /* Products */,
			);
			sourceTree = "<group>";
		};
		461C1F721E5D63D700BB6446 /* Products */ = {
			isa = PBXGroup;
			children = (
				461C1F711E5D63D700BB6446 /* AnimationMaster.app */,
			);
			name = Products;
			sourceTree = "<group>";
		};
		461C1F731E5D63D700BB6446 /* AnimationMaster */ = {
			isa = PBXGroup;
			children = (
				461C1F781E5D63D700BB6446 /* Main.storyboard */,
				461C1F7B1E5D63D700BB6446 /* Assets.xcassets */,
				461C1F7D1E5D63D700BB6446 /* LaunchScreen.storyboard */,
				461C1F801E5D63D700BB6446 /* Info.plist */,
			);
			path = AnimationMaster;
			sourceTree = "<group>";
		};
		461C20AC1E5ECC0400BB6446 /* CABaseAnimation */ = {
			isa = PBXGroup;
			children = (
				461C20AD1E5ECC1E00BB6446 /* CABaseController.swift */,
			);
			path = CABaseAnimation;
			sourceTree = "<group>";
		};
		461C20B11E5EE32F00BB6446 /* AppDelegate */ = {
			isa = PBXGroup;
			children = (
				461C1F741E5D63D700BB6446 /* AppDelegate.swift */,
			);
			name = AppDelegate;
			sourceTree = "<group>";
		};
		461C20B21E5EE34300BB6446 /* RootListView */ = {
			isa = PBXGroup;
			children = (
				461C20AF1E5EDB9F00BB6446 /* ListModel.swift */,
				461C1F761E5D63D700BB6446 /* ViewController.swift */,
			);
			name = RootListView;
			sourceTree = "<group>";
		};
		461C20B41E5EF47F00BB6446 /* BaseViewController */ = {
			isa = PBXGroup;
			children = (
				461C20B51E5EF49000BB6446 /* BaseViewController.swift */,
			);
			name = BaseViewController;
			sourceTree = "<group>";
		};
		461C20B71E5EFC9E00BB6446 /* CAKeyFrameAnimation */ = {
			isa = PBXGroup;
			children = (
				461C20BA1E5EFD1C00BB6446 /* CAKeyFrameController.swift */,
			);
			name = CAKeyFrameAnimation;
			sourceTree = "<group>";
		};
		468EF8571E604FEC009DBB2A /* CircleViewAnimation */ = {
			isa = PBXGroup;
			children = (
				468EF8581E604FFC009DBB2A /* AnimatCircleController.swift */,
				468EF8591E604FFC009DBB2A /* CircleView.swift */,
				462B1FCB1E61D9A6004074CC /* KeyFrame.swift */,
			);
			name = CircleViewAnimation;
			sourceTree = "<group>";
		};
/* End PBXGroup section */

/* Begin PBXNativeTarget section */
		461C1F701E5D63D700BB6446 /* AnimationMaster */ = {
			isa = PBXNativeTarget;
			buildConfigurationList = 461C1F831E5D63D700BB6446 /* Build configuration list for PBXNativeTarget "AnimationMaster" */;
			buildPhases = (
				461C1F6D1E5D63D700BB6446 /* Sources */,
				461C1F6E1E5D63D700BB6446 /* Frameworks */,
				461C1F6F1E5D63D700BB6446 /* Resources */,
			);
			buildRules = (
			);
			dependencies = (
			);
			name = AnimationMaster;
			productName = AnimationMaster;
			productReference = 461C1F711E5D63D700BB6446 /* AnimationMaster.app */;
			productType = "com.apple.product-type.application";
		};
/* End PBXNativeTarget section */

/* Begin PBXProject section */
		461C1F691E5D63D700BB6446 /* Project object */ = {
			isa = PBXProject;
			attributes = {
				LastSwiftUpdateCheck = 0810;
				LastUpgradeCheck = 0810;
				ORGANIZATIONNAME = "我是五高你敢信";
				TargetAttributes = {
					461C1F701E5D63D700BB6446 = {
						CreatedOnToolsVersion = 8.1;
						DevelopmentTeam = S3MVLW789N;
						ProvisioningStyle = Automatic;
					};
				};
			};
			buildConfigurationList = 461C1F6C1E5D63D700BB6446 /* Build configuration list for PBXProject "AnimationMaster" */;
			compatibilityVersion = "Xcode 3.2";
			developmentRegion = English;
			hasScannedForEncodings = 0;
			knownRegions = (
				en,
				Base,
			);
			mainGroup = 461C1F681E5D63D700BB6446;
			productRefGroup = 461C1F721E5D63D700BB6446 /* Products */;
			projectDirPath = "";
			projectRoot = "";
			targets = (
				461C1F701E5D63D700BB6446 /* AnimationMaster */,
			);
		};
/* End PBXProject section */

/* Begin PBXResourcesBuildPhase section */
		461C1F6F1E5D63D700BB6446 /* Resources */ = {
			isa = PBXResourcesBuildPhase;
			buildActionMask = 2147483647;
			files = (
				461C1F7F1E5D63D700BB6446 /* LaunchScreen.storyboard in Resources */,
				461C1F7C1E5D63D700BB6446 /* Assets.xcassets in Resources */,
				461C1F7A1E5D63D700BB6446 /* Main.storyboard in Resources */,
			);
			runOnlyForDeploymentPostprocessing = 0;
		};
/* End PBXResourcesBuildPhase section */

/* Begin PBXSourcesBuildPhase section */
		461C1F6D1E5D63D700BB6446 /* Sources */ = {
			isa = PBXSourcesBuildPhase;
			buildActionMask = 2147483647;
			files = (
				468EF85B1E604FFC009DBB2A /* CircleView.swift in Sources */,
				461C20B61E5EF49000BB6446 /* BaseViewController.swift in Sources */,
				461C20AE1E5ECC1E00BB6446 /* CABaseController.swift in Sources */,
				461C1F771E5D63D700BB6446 /* ViewController.swift in Sources */,
				468EF85A1E604FFC009DBB2A /* AnimatCircleController.swift in Sources */,
				462B1FCC1E61D9A6004074CC /* KeyFrame.swift in Sources */,
				461C20BB1E5EFD1C00BB6446 /* CAKeyFrameController.swift in Sources */,
				461C1F751E5D63D700BB6446 /* AppDelegate.swift in Sources */,
				461C20B01E5EDB9F00BB6446 /* ListModel.swift in Sources */,
			);
			runOnlyForDeploymentPostprocessing = 0;
		};
/* End PBXSourcesBuildPhase section */

/* Begin PBXVariantGroup section */
		461C1F781E5D63D700BB6446 /* Main.storyboard */ = {
			isa = PBXVariantGroup;
			children = (
				461C1F791E5D63D700BB6446 /* Base */,
			);
			name = Main.storyboard;
			sourceTree = "<group>";
		};
		461C1F7D1E5D63D700BB6446 /* LaunchScreen.storyboard */ = {
			isa = PBXVariantGroup;
			children = (
				461C1F7E1E5D63D700BB6446 /* Base */,
			);
			name = LaunchScreen.storyboard;
			sourceTree = "<group>";
		};
/* End PBXVariantGroup section */

/* Begin XCBuildConfiguration section */
		461C1F811E5D63D700BB6446 /* Debug */ = {
			isa = XCBuildConfiguration;
			buildSettings = {
				ALWAYS_SEARCH_USER_PATHS = NO;
				CLANG_ANALYZER_NONNULL = YES;
				CLANG_CXX_LANGUAGE_STANDARD = "gnu++0x";
				CLANG_CXX_LIBRARY = "libc++";
				CLANG_ENABLE_MODULES = YES;
				CLANG_ENABLE_OBJC_ARC = YES;
				CLANG_WARN_BOOL_CONVERSION = YES;
				CLANG_WARN_CONSTANT_CONVERSION = YES;
				CLANG_WARN_DIRECT_OBJC_ISA_USAGE = YES_ERROR;
				CLANG_WARN_DOCUMENTATION_COMMENTS = YES;
				CLANG_WARN_EMPTY_BODY = YES;
				CLANG_WARN_ENUM_CONVERSION = YES;
				CLANG_WARN_INFINITE_RECURSION = YES;
				CLANG_WARN_INT_CONVERSION = YES;
				CLANG_WARN_OBJC_ROOT_CLASS = YES_ERROR;
				CLANG_WARN_SUSPICIOUS_MOVES = YES;
				CLANG_WARN_UNREACHABLE_CODE = YES;
				CLANG_WARN__DUPLICATE_METHOD_MATCH = YES;
				"CODE_SIGN_IDENTITY[sdk=iphoneos*]" = "iPhone Developer";
				COPY_PHASE_STRIP = NO;
				DEBUG_INFORMATION_FORMAT = dwarf;
				ENABLE_STRICT_OBJC_MSGSEND = YES;
				ENABLE_TESTABILITY = YES;
				GCC_C_LANGUAGE_STANDARD = gnu99;
				GCC_DYNAMIC_NO_PIC = NO;
				GCC_NO_COMMON_BLOCKS = YES;
				GCC_OPTIMIZATION_LEVEL = 0;
				GCC_PREPROCESSOR_DEFINITIONS = (
					"DEBUG=1",
					"$(inherited)",
				);
				GCC_WARN_64_TO_32_BIT_CONVERSION = YES;
				GCC_WARN_ABOUT_RETURN_TYPE = YES_ERROR;
				GCC_WARN_UNDECLARED_SELECTOR = YES;
				GCC_WARN_UNINITIALIZED_AUTOS = YES_AGGRESSIVE;
				GCC_WARN_UNUSED_FUNCTION = YES;
				GCC_WARN_UNUSED_VARIABLE = YES;
				IPHONEOS_DEPLOYMENT_TARGET = 10.1;
				MTL_ENABLE_DEBUG_INFO = YES;
				ONLY_ACTIVE_ARCH = YES;
				SDKROOT = iphoneos;
				SWIFT_ACTIVE_COMPILATION_CONDITIONS = DEBUG;
				SWIFT_OPTIMIZATION_LEVEL = "-Onone";
			};
			name = Debug;
		};
		461C1F821E5D63D700BB6446 /* Release */ = {
			isa = XCBuildConfiguration;
			buildSettings = {
				ALWAYS_SEARCH_USER_PATHS = NO;
				CLANG_ANALYZER_NONNULL = YES;
				CLANG_CXX_LANGUAGE_STANDARD = "gnu++0x";
				CLANG_CXX_LIBRARY = "libc++";
				CLANG_ENABLE_MODULES = YES;
				CLANG_ENABLE_OBJC_ARC = YES;
				CLANG_WARN_BOOL_CONVERSION = YES;
				CLANG_WARN_CONSTANT_CONVERSION = YES;
				CLANG_WARN_DIRECT_OBJC_ISA_USAGE = YES_ERROR;
				CLANG_WARN_DOCUMENTATION_COMMENTS = YES;
				CLANG_WARN_EMPTY_BODY = YES;
				CLANG_WARN_ENUM_CONVERSION = YES;
				CLANG_WARN_INFINITE_RECURSION = YES;
				CLANG_WARN_INT_CONVERSION = YES;
				CLANG_WARN_OBJC_ROOT_CLASS = YES_ERROR;
				CLANG_WARN_SUSPICIOUS_MOVES = YES;
				CLANG_WARN_UNREACHABLE_CODE = YES;
				CLANG_WARN__DUPLICATE_METHOD_MATCH = YES;
				"CODE_SIGN_IDENTITY[sdk=iphoneos*]" = "iPhone Developer";
				COPY_PHASE_STRIP = NO;
				DEBUG_INFORMATION_FORMAT = "dwarf-with-dsym";
				ENABLE_NS_ASSERTIONS = NO;
				ENABLE_STRICT_OBJC_MSGSEND = YES;
				GCC_C_LANGUAGE_STANDARD = gnu99;
				GCC_NO_COMMON_BLOCKS = YES;
				GCC_WARN_64_TO_32_BIT_CONVERSION = YES;
				GCC_WARN_ABOUT_RETURN_TYPE = YES_ERROR;
				GCC_WARN_UNDECLARED_SELECTOR = YES;
				GCC_WARN_UNINITIALIZED_AUTOS = YES_AGGRESSIVE;
				GCC_WARN_UNUSED_FUNCTION = YES;
				GCC_WARN_UNUSED_VARIABLE = YES;
				IPHONEOS_DEPLOYMENT_TARGET = 10.1;
				MTL_ENABLE_DEBUG_INFO = NO;
				SDKROOT = iphoneos;
				SWIFT_OPTIMIZATION_LEVEL = "-Owholemodule";
				VALIDATE_PRODUCT = YES;
			};
			name = Release;
		};
		461C1F841E5D63D700BB6446 /* Debug */ = {
			isa = XCBuildConfiguration;
			buildSettings = {
				ASSETCATALOG_COMPILER_APPICON_NAME = AppIcon;
				DEVELOPMENT_TEAM = S3MVLW789N;
				INFOPLIST_FILE = AnimationMaster/Info.plist;
				LD_RUNPATH_SEARCH_PATHS = "$(inherited) @executable_path/Frameworks";
				PRODUCT_BUNDLE_IDENTIFIER = com.LHC.AnimationMaster;
				PRODUCT_NAME = "$(TARGET_NAME)";
				SWIFT_VERSION = 3.0;
			};
			name = Debug;
		};
		461C1F851E5D63D700BB6446 /* Release */ = {
			isa = XCBuildConfiguration;
			buildSettings = {
				ASSETCATALOG_COMPILER_APPICON_NAME = AppIcon;
				DEVELOPMENT_TEAM = S3MVLW789N;
				INFOPLIST_FILE = AnimationMaster/Info.plist;
				LD_RUNPATH_SEARCH_PATHS = "$(inherited) @executable_path/Frameworks";
				PRODUCT_BUNDLE_IDENTIFIER = com.LHC.AnimationMaster;
				PRODUCT_NAME = "$(TARGET_NAME)";
				SWIFT_VERSION = 3.0;
			};
			name = Release;
		};
/* End XCBuildConfiguration section */

/* Begin XCConfigurationList section */
		461C1F6C1E5D63D700BB6446 /* Build configuration list for PBXProject "AnimationMaster" */ = {
			isa = XCConfigurationList;
			buildConfigurations = (
				461C1F811E5D63D700BB6446 /* Debug */,
				461C1F821E5D63D700BB6446 /* Release */,
			);
			defaultConfigurationIsVisible = 0;
			defaultConfigurationName = Release;
		};
		461C1F831E5D63D700BB6446 /* Build configuration list for PBXNativeTarget "AnimationMaster" */ = {
			isa = XCConfigurationList;
			buildConfigurations = (
				461C1F841E5D63D700BB6446 /* Debug */,
				461C1F851E5D63D700BB6446 /* Release */,
			);
			defaultConfigurationIsVisible = 0;
			defaultConfigurationName = Release;
		};
/* End XCConfigurationList section */
	};
	rootObject = 461C1F691E5D63D700BB6446 /* Project object */;
}
